{
  "version": 4,
  "terraform_version": "1.2.8",
  "serial": 18,
  "lineage": "86e47c46-d9f6-53e3-f1b7-bc9eb7fcef24",
  "outputs": {},
  "resources": [
    {
      "mode": "managed",
      "type": "aws_key_pair",
      "name": "deployer",
      "provider": "provider[\"registry.terraform.io/hashicorp/aws\"]",
      "instances": [
        {
          "schema_version": 1,
          "attributes": {
            "arn": "arn:aws:ec2:us-east-2:357810336889:key-pair/aws_key",
            "fingerprint": "31:0d:a2:fa:d7:f8:c3:55:6c:a6:dc:9e:20:f8:65:82",
            "id": "aws_key",
            "key_name": "aws_key",
            "key_name_prefix": "",
            "key_pair_id": "key-052e2c85eba64f1c7",
            "key_type": "rsa",
            "public_key": "ssh-rsa AAAAB3NzaC1yc2EAAAADAQABAAABgQDS0fRKfu1wh8OJ7lXhanJmSVpw/Au4WKgNcrCZCttAd50O/aNHdK2/29bSJ393T27aiytBPmwKv1wN46WCo7WS6Sn9SkEZBjk6eXjFhL2fFuqQkHpyLPiNxBIeYnODC3CsjnvA0HbNei/e/VbD7Q4ee7xjQE5m9QPxGV1tSpf61u4OIzYfYVCH26MOt7rIZaWXyvGItIzk9ugSsxqMB2mAe/7Q7lDVOY7+gYDWnBTFPPMisQySMRhoxqzzb4NCInabvi1jw69cOwNHxQSRdL5/XgTDpT7jlY+ZIOYXidtvvMPLpFB2oUIDptQk/LT2p39qaKT/tW9L1lQkU5904ZSRbGHDrUHuFXVhHs7ZX+Vc5iPNh6Tdh6WkTfnLYyAlrVx9ktGnvmAhxl2aZ4fUPgjOoF+fUBLo/0tWsbTALQNM3MjWwt0I2VFR8azu+OaeOk4AEShNBtOb1o5OKa3HNjnCwXxSTT6djGz7tEPLinY4L1KxcFr7P5ILbKbWDqLZ7MM= jasmyns@JasmynScBookPro.attlocal.net",
            "tags": {},
            "tags_all": {}
          },
          "sensitive_attributes": [],
          "private": "eyJzY2hlbWFfdmVyc2lvbiI6IjEifQ=="
        }
      ]
    },
    {
      "mode": "managed",
      "type": "aws_security_group",
      "name": "main",
      "provider": "provider[\"registry.terraform.io/hashicorp/aws\"]",
      "instances": [
        {
          "schema_version": 1,
          "attributes": {
            "arn": "arn:aws:ec2:us-east-2:357810336889:security-group/sg-0ba793a88dc5e35ab",
            "description": "Managed by Terraform",
            "egress": [
              {
                "cidr_blocks": [
                  "0.0.0.0/0"
                ],
                "description": "",
                "from_port": 0,
                "ipv6_cidr_blocks": [],
                "prefix_list_ids": [],
                "protocol": "-1",
                "security_groups": [],
                "self": false,
                "to_port": 0
              }
            ],
            "id": "sg-0ba793a88dc5e35ab",
            "ingress": [
              {
                "cidr_blocks": [
                  "0.0.0.0/0"
                ],
                "description": "",
                "from_port": 22,
                "ipv6_cidr_blocks": [],
                "prefix_list_ids": [],
                "protocol": "tcp",
                "security_groups": [],
                "self": false,
                "to_port": 22
              }
            ],
            "name": "terraform-20220829135816904800000001",
            "name_prefix": "terraform-",
            "owner_id": "357810336889",
            "revoke_rules_on_delete": false,
            "tags": {},
            "tags_all": {},
            "timeouts": null,
            "vpc_id": "vpc-0c8d140840065000a"
          },
          "sensitive_attributes": [],
          "private": "eyJlMmJmYjczMC1lY2FhLTExZTYtOGY4OC0zNDM2M2JjN2M0YzAiOnsiY3JlYXRlIjo2MDAwMDAwMDAwMDAsImRlbGV0ZSI6OTAwMDAwMDAwMDAwfSwic2NoZW1hX3ZlcnNpb24iOiIxIn0="
        }
      ]
    }
  ]
}
